
Microsoft Visual Studio Solution File, Format Version 12.00
# Visual Studio 15
Project("{FAE04EC0-301F-11D3-BF4B-00C04F79EFBC}") = "Assembly-CSharp-Editor", "Assembly-CSharp-Editor.csproj", "{723F4E2F-7721-0890-2810-86FEB8991D7B}"
EndProject
Project("{FAE04EC0-301F-11D3-BF4B-00C04F79EFBC}") = "Assembly-CSharp", "Assembly-CSharp.csproj", "{A0DF9E15-7AF6-962D-8E90-786E282E0A03}"
EndProject
Global
	GlobalSection(SolutionConfigurationPlatforms) = preSolution
		Debug|Any CPU = Debug|Any CPU
		Release|Any CPU = Release|Any CPU
	EndGlobalSection
	GlobalSection(ProjectConfigurationPlatforms) = postSolution
		{723F4E2F-7721-0890-2810-86FEB8991D7B}.Debug|Any CPU.ActiveCfg = Debug|Any CPU
		{723F4E2F-7721-0890-2810-86FEB8991D7B}.Debug|Any CPU.Build.0 = Debug|Any CPU
		{723F4E2F-7721-0890-2810-86FEB8991D7B}.Release|Any CPU.ActiveCfg = Release|Any CPU
		{723F4E2F-7721-0890-2810-86FEB8991D7B}.Release|Any CPU.Build.0 = Release|Any CPU
		{A0DF9E15-7AF6-962D-8E90-786E282E0A03}.Debug|Any CPU.ActiveCfg = Debug|Any CPU
		{A0DF9E15-7AF6-962D-8E90-786E282E0A03}.Debug|Any CPU.Build.0 = Debug|Any CPU
		{A0DF9E15-7AF6-962D-8E90-786E282E0A03}.Release|Any CPU.ActiveCfg = Release|Any CPU
		{A0DF9E15-7AF6-962D-8E90-786E282E0A03}.Release|Any CPU.Build.0 = Release|Any CPU
	EndGlobalSection
	GlobalSection(SolutionProperties) = preSolution
		HideSolutionNode = FALSE
	EndGlobalSection
EndGlobal
